// !$*UTF8*$!
{
	archiveVersion = 1;
	classes = {
	};
	objectVersion = 46;
	objects = {

/* Begin PBXBuildFile section */
		10B2C4864074E9825748F5E3 /* Pods_Library.framework in Frameworks */ = {isa = PBXBuildFile; fileRef = B1708CE01D8BDD75953652B7 /* Pods_Library.framework */; };
		36812217AC59D000D9D74DD2 /* Pods_LibraryTests.framework in Frameworks */ = {isa = PBXBuildFile; fileRef = 5B6936158BF5A2C717EA36E9 /* Pods_LibraryTests.framework */; };
		C828424E1EDDE5E000E786A7 /* UIView+isvisible.swift in Sources */ = {isa = PBXBuildFile; fileRef = C828424D1EDDE5E000E786A7 /* UIView+isvisible.swift */; };
		C8429B011EDAB1E300384268 /* String+isNotEmpty.swift in Sources */ = {isa = PBXBuildFile; fileRef = C8429B001EDAB1E300384268 /* String+isNotEmpty.swift */; };
		C86190E61EDDF47C007DD53E /* UITextInput+Clear.swift in Sources */ = {isa = PBXBuildFile; fileRef = C86190E51EDDF47C007DD53E /* UITextInput+Clear.swift */; };
		C8710B891EDBF679005D74FF /* Observable+DoOnNBextOrError.swift in Sources */ = {isa = PBXBuildFile; fileRef = C8710B881EDBF679005D74FF /* Observable+DoOnNBextOrError.swift */; };
		C88933971EDE316400E71C74 /* UIStackView+ContainsArrangedSubview.swift in Sources */ = {isa = PBXBuildFile; fileRef = C88933961EDE316400E71C74 /* UIStackView+ContainsArrangedSubview.swift */; };
		C8B957461EDE4B0F00DBCF1B /* UIStackView+RxArrangedSubviews.swift in Sources */ = {isa = PBXBuildFile; fileRef = C8B957451EDE4B0F00DBCF1B /* UIStackView+RxArrangedSubviews.swift */; };
		C8B957481EDE4CF500DBCF1B /* UIStackView+RxArrangedSubviewsTests.swift in Sources */ = {isa = PBXBuildFile; fileRef = C8B957471EDE4CF500DBCF1B /* UIStackView+RxArrangedSubviewsTests.swift */; };
		C8B9574A1EDE4EE100DBCF1B /* TestError.swift in Sources */ = {isa = PBXBuildFile; fileRef = C8B957491EDE4EE100DBCF1B /* TestError.swift */; };
		C8CF56061EDE365800460E5F /* UIView+forceLayout.swift in Sources */ = {isa = PBXBuildFile; fileRef = C8CF56051EDE365800460E5F /* UIView+forceLayout.swift */; };
		C8DF3E9E1ED9413E00E878DB /* Library.framework in Frameworks */ = {isa = PBXBuildFile; fileRef = C8DF3E941ED9413E00E878DB /* Library.framework */; };
		C8DF3EA51ED9413E00E878DB /* Library.h in Headers */ = {isa = PBXBuildFile; fileRef = C8DF3E971ED9413E00E878DB /* Library.h */; settings = {ATTRIBUTES = (Public, ); }; };
		C8DF3EC01ED9470900E878DB /* Array+NonNulled.swift in Sources */ = {isa = PBXBuildFile; fileRef = C8DF3EAF1ED9470800E878DB /* Array+NonNulled.swift */; };
		C8DF3EC11ED9470900E878DB /* ConcatenateOptionalStrings.swift in Sources */ = {isa = PBXBuildFile; fileRef = C8DF3EB01ED9470800E878DB /* ConcatenateOptionalStrings.swift */; };
		C8DF3EC21ED9470900E878DB /* Delay.swift in Sources */ = {isa = PBXBuildFile; fileRef = C8DF3EB11ED9470800E878DB /* Delay.swift */; };
		C8DF3EC31ED9470900E878DB /* Dictionary+Merge.swift in Sources */ = {isa = PBXBuildFile; fileRef = C8DF3EB21ED9470800E878DB /* Dictionary+Merge.swift */; };
		C8DF3EC61ED9470900E878DB /* Observable+FilterNil.swift in Sources */ = {isa = PBXBuildFile; fileRef = C8DF3EB51ED9470800E878DB /* Observable+FilterNil.swift */; };
		C8DF3EC71ED9470900E878DB /* Optional+Existence.swift in Sources */ = {isa = PBXBuildFile; fileRef = C8DF3EB61ED9470800E878DB /* Optional+Existence.swift */; };
		C8DF3EC81ED9470900E878DB /* Optional+Then.swift in Sources */ = {isa = PBXBuildFile; fileRef = C8DF3EB71ED9470800E878DB /* Optional+Then.swift */; };
		C8DF3EC91ED9470900E878DB /* OptionalType.swift in Sources */ = {isa = PBXBuildFile; fileRef = C8DF3EB81ED9470800E878DB /* OptionalType.swift */; };
		C8DF3ECA1ED9470900E878DB /* Sequence+DoesNotContain.swift in Sources */ = {isa = PBXBuildFile; fileRef = C8DF3EB91ED9470800E878DB /* Sequence+DoesNotContain.swift */; };
		C8DF3ECB1ED9470900E878DB /* StringErrors.swift in Sources */ = {isa = PBXBuildFile; fileRef = C8DF3EBA1ED9470800E878DB /* StringErrors.swift */; };
		C8DF3ECC1ED9470900E878DB /* UIColor+Random.swift in Sources */ = {isa = PBXBuildFile; fileRef = C8DF3EBB1ED9470800E878DB /* UIColor+Random.swift */; };
		C8DF3ECD1ED9470900E878DB /* UIStackView+ArrangedSubviews.swift in Sources */ = {isa = PBXBuildFile; fileRef = C8DF3EBC1ED9470800E878DB /* UIStackView+ArrangedSubviews.swift */; };
		C8DF3ECE1ED9470900E878DB /* UIStackView+Configuration.swift in Sources */ = {isa = PBXBuildFile; fileRef = C8DF3EBD1ED9470800E878DB /* UIStackView+Configuration.swift */; };
		C8DF3ECF1ED9470900E878DB /* UITextField+RxEditing.swift in Sources */ = {isa = PBXBuildFile; fileRef = C8DF3EBE1ED9470800E878DB /* UITextField+RxEditing.swift */; };
		C8DF3ED01ED9470900E878DB /* URLConvertible+Append.swift in Sources */ = {isa = PBXBuildFile; fileRef = C8DF3EBF1ED9470800E878DB /* URLConvertible+Append.swift */; };
		C8DF3EDA1ED9486400E878DB /* Array+NonNulledTests.swift in Sources */ = {isa = PBXBuildFile; fileRef = C8DF3ED71ED9486400E878DB /* Array+NonNulledTests.swift */; };
		C8DF3EDB1ED9486400E878DB /* DictionaryMergeTests.swift in Sources */ = {isa = PBXBuildFile; fileRef = C8DF3ED81ED9486400E878DB /* DictionaryMergeTests.swift */; };
		C8DF3EDC1ED9486400E878DB /* Overvable+FilterNilTests.swift in Sources */ = {isa = PBXBuildFile; fileRef = C8DF3ED91ED9486400E878DB /* Overvable+FilterNilTests.swift */; };
/* End PBXBuildFile section */

/* Begin PBXContainerItemProxy section */
		C8DF3E9F1ED9413E00E878DB /* PBXContainerItemProxy */ = {
			isa = PBXContainerItemProxy;
			containerPortal = C8DF3E8B1ED9413E00E878DB /* Project object */;
			proxyType = 1;
			remoteGlobalIDString = C8DF3E931ED9413E00E878DB;
			remoteInfo = Library;
		};
/* End PBXContainerItemProxy section */

/* Begin PBXFileReference section */
		09A86066CF3FE6A265826FE3 /* Pods-Library.release.xcconfig */ = {isa = PBXFileReference; includeInIndex = 1; lastKnownFileType = text.xcconfig; name = "Pods-Library.release.xcconfig"; path = "Pods/Target Support Files/Pods-Library/Pods-Library.release.xcconfig"; sourceTree = "<group>"; };
		100599CD56A51FCFA94E149D /* Pods-LibraryTests.debug.xcconfig */ = {isa = PBXFileReference; includeInIndex = 1; lastKnownFileType = text.xcconfig; name = "Pods-LibraryTests.debug.xcconfig"; path = "Pods/Target Support Files/Pods-LibraryTests/Pods-LibraryTests.debug.xcconfig"; sourceTree = "<group>"; };
		2F6CE2152EF660673B2F030C /* Pods-LibraryTests.release.xcconfig */ = {isa = PBXFileReference; includeInIndex = 1; lastKnownFileType = text.xcconfig; name = "Pods-LibraryTests.release.xcconfig"; path = "Pods/Target Support Files/Pods-LibraryTests/Pods-LibraryTests.release.xcconfig"; sourceTree = "<group>"; };
		39862CB10A3987EAAC762759 /* Pods-Library.debug.xcconfig */ = {isa = PBXFileReference; includeInIndex = 1; lastKnownFileType = text.xcconfig; name = "Pods-Library.debug.xcconfig"; path = "Pods/Target Support Files/Pods-Library/Pods-Library.debug.xcconfig"; sourceTree = "<group>"; };
		5B6936158BF5A2C717EA36E9 /* Pods_LibraryTests.framework */ = {isa = PBXFileReference; explicitFileType = wrapper.framework; includeInIndex = 0; path = Pods_LibraryTests.framework; sourceTree = BUILT_PRODUCTS_DIR; };
		B1708CE01D8BDD75953652B7 /* Pods_Library.framework */ = {isa = PBXFileReference; explicitFileType = wrapper.framework; includeInIndex = 0; path = Pods_Library.framework; sourceTree = BUILT_PRODUCTS_DIR; };
		C828424D1EDDE5E000E786A7 /* UIView+isvisible.swift */ = {isa = PBXFileReference; fileEncoding = 4; lastKnownFileType = sourcecode.swift; path = "UIView+isvisible.swift"; sourceTree = "<group>"; };
		C8429B001EDAB1E300384268 /* String+isNotEmpty.swift */ = {isa = PBXFileReference; fileEncoding = 4; lastKnownFileType = sourcecode.swift; path = "String+isNotEmpty.swift"; sourceTree = "<group>"; };
		C86190E51EDDF47C007DD53E /* UITextInput+Clear.swift */ = {isa = PBXFileReference; fileEncoding = 4; lastKnownFileType = sourcecode.swift; path = "UITextInput+Clear.swift"; sourceTree = "<group>"; };
		C8710B881EDBF679005D74FF /* Observable+DoOnNBextOrError.swift */ = {isa = PBXFileReference; fileEncoding = 4; lastKnownFileType = sourcecode.swift; path = "Observable+DoOnNBextOrError.swift"; sourceTree = "<group>"; };
		C88933961EDE316400E71C74 /* UIStackView+ContainsArrangedSubview.swift */ = {isa = PBXFileReference; fileEncoding = 4; lastKnownFileType = sourcecode.swift; path = "UIStackView+ContainsArrangedSubview.swift"; sourceTree = "<group>"; };
		C8B957451EDE4B0F00DBCF1B /* UIStackView+RxArrangedSubviews.swift */ = {isa = PBXFileReference; fileEncoding = 4; lastKnownFileType = sourcecode.swift; path = "UIStackView+RxArrangedSubviews.swift"; sourceTree = "<group>"; };
		C8B957471EDE4CF500DBCF1B /* UIStackView+RxArrangedSubviewsTests.swift */ = {isa = PBXFileReference; fileEncoding = 4; lastKnownFileType = sourcecode.swift; path = "UIStackView+RxArrangedSubviewsTests.swift"; sourceTree = "<group>"; };
		C8B957491EDE4EE100DBCF1B /* TestError.swift */ = {isa = PBXFileReference; fileEncoding = 4; lastKnownFileType = sourcecode.swift; path = TestError.swift; sourceTree = "<group>"; };
		C8CF56051EDE365800460E5F /* UIView+forceLayout.swift */ = {isa = PBXFileReference; fileEncoding = 4; lastKnownFileType = sourcecode.swift; path = "UIView+forceLayout.swift"; sourceTree = "<group>"; };
		C8DF3E941ED9413E00E878DB /* Library.framework */ = {isa = PBXFileReference; explicitFileType = wrapper.framework; includeInIndex = 0; path = Library.framework; sourceTree = BUILT_PRODUCTS_DIR; };
		C8DF3E971ED9413E00E878DB /* Library.h */ = {isa = PBXFileReference; lastKnownFileType = sourcecode.c.h; path = Library.h; sourceTree = "<group>"; };
		C8DF3E981ED9413E00E878DB /* Info.plist */ = {isa = PBXFileReference; lastKnownFileType = text.plist.xml; path = Info.plist; sourceTree = "<group>"; };
		C8DF3E9D1ED9413E00E878DB /* LibraryTests.xctest */ = {isa = PBXFileReference; explicitFileType = wrapper.cfbundle; includeInIndex = 0; path = LibraryTests.xctest; sourceTree = BUILT_PRODUCTS_DIR; };
		C8DF3EA41ED9413E00E878DB /* Info.plist */ = {isa = PBXFileReference; lastKnownFileType = text.plist.xml; path = Info.plist; sourceTree = "<group>"; };
		C8DF3EAF1ED9470800E878DB /* Array+NonNulled.swift */ = {isa = PBXFileReference; fileEncoding = 4; lastKnownFileType = sourcecode.swift; path = "Array+NonNulled.swift"; sourceTree = "<group>"; };
		C8DF3EB01ED9470800E878DB /* ConcatenateOptionalStrings.swift */ = {isa = PBXFileReference; fileEncoding = 4; lastKnownFileType = sourcecode.swift; path = ConcatenateOptionalStrings.swift; sourceTree = "<group>"; };
		C8DF3EB11ED9470800E878DB /* Delay.swift */ = {isa = PBXFileReference; fileEncoding = 4; lastKnownFileType = sourcecode.swift; path = Delay.swift; sourceTree = "<group>"; };
		C8DF3EB21ED9470800E878DB /* Dictionary+Merge.swift */ = {isa = PBXFileReference; fileEncoding = 4; lastKnownFileType = sourcecode.swift; path = "Dictionary+Merge.swift"; sourceTree = "<group>"; };
		C8DF3EB51ED9470800E878DB /* Observable+FilterNil.swift */ = {isa = PBXFileReference; fileEncoding = 4; lastKnownFileType = sourcecode.swift; path = "Observable+FilterNil.swift"; sourceTree = "<group>"; };
		C8DF3EB61ED9470800E878DB /* Optional+Existence.swift */ = {isa = PBXFileReference; fileEncoding = 4; lastKnownFileType = sourcecode.swift; path = "Optional+Existence.swift"; sourceTree = "<group>"; };
		C8DF3EB71ED9470800E878DB /* Optional+Then.swift */ = {isa = PBXFileReference; fileEncoding = 4; lastKnownFileType = sourcecode.swift; path = "Optional+Then.swift"; sourceTree = "<group>"; };
		C8DF3EB81ED9470800E878DB /* OptionalType.swift */ = {isa = PBXFileReference; fileEncoding = 4; lastKnownFileType = sourcecode.swift; path = OptionalType.swift; sourceTree = "<group>"; };
		C8DF3EB91ED9470800E878DB /* Sequence+DoesNotContain.swift */ = {isa = PBXFileReference; fileEncoding = 4; lastKnownFileType = sourcecode.swift; path = "Sequence+DoesNotContain.swift"; sourceTree = "<group>"; };
		C8DF3EBA1ED9470800E878DB /* StringErrors.swift */ = {isa = PBXFileReference; fileEncoding = 4; lastKnownFileType = sourcecode.swift; path = StringErrors.swift; sourceTree = "<group>"; };
		C8DF3EBB1ED9470800E878DB /* UIColor+Random.swift */ = {isa = PBXFileReference; fileEncoding = 4; lastKnownFileType = sourcecode.swift; path = "UIColor+Random.swift"; sourceTree = "<group>"; };
		C8DF3EBC1ED9470800E878DB /* UIStackView+ArrangedSubviews.swift */ = {isa = PBXFileReference; fileEncoding = 4; lastKnownFileType = sourcecode.swift; path = "UIStackView+ArrangedSubviews.swift"; sourceTree = "<group>"; };
		C8DF3EBD1ED9470800E878DB /* UIStackView+Configuration.swift */ = {isa = PBXFileReference; fileEncoding = 4; lastKnownFileType = sourcecode.swift; path = "UIStackView+Configuration.swift"; sourceTree = "<group>"; };
		C8DF3EBE1ED9470800E878DB /* UITextField+RxEditing.swift */ = {isa = PBXFileReference; fileEncoding = 4; lastKnownFileType = sourcecode.swift; path = "UITextField+RxEditing.swift"; sourceTree = "<group>"; };
		C8DF3EBF1ED9470800E878DB /* URLConvertible+Append.swift */ = {isa = PBXFileReference; fileEncoding = 4; lastKnownFileType = sourcecode.swift; path = "URLConvertible+Append.swift"; sourceTree = "<group>"; };
		C8DF3ED71ED9486400E878DB /* Array+NonNulledTests.swift */ = {isa = PBXFileReference; fileEncoding = 4; lastKnownFileType = sourcecode.swift; path = "Array+NonNulledTests.swift"; sourceTree = "<group>"; };
		C8DF3ED81ED9486400E878DB /* DictionaryMergeTests.swift */ = {isa = PBXFileReference; fileEncoding = 4; lastKnownFileType = sourcecode.swift; path = DictionaryMergeTests.swift; sourceTree = "<group>"; };
		C8DF3ED91ED9486400E878DB /* Overvable+FilterNilTests.swift */ = {isa = PBXFileReference; fileEncoding = 4; lastKnownFileType = sourcecode.swift; path = "Overvable+FilterNilTests.swift"; sourceTree = "<group>"; };
/* End PBXFileReference section */

/* Begin PBXFrameworksBuildPhase section */
		C8DF3E901ED9413E00E878DB /* Frameworks */ = {
			isa = PBXFrameworksBuildPhase;
			buildActionMask = 2147483647;
			files = (
				10B2C4864074E9825748F5E3 /* Pods_Library.framework in Frameworks */,
			);
			runOnlyForDeploymentPostprocessing = 0;
		};
		C8DF3E9A1ED9413E00E878DB /* Frameworks */ = {
			isa = PBXFrameworksBuildPhase;
			buildActionMask = 2147483647;
			files = (
				C8DF3E9E1ED9413E00E878DB /* Library.framework in Frameworks */,
				36812217AC59D000D9D74DD2 /* Pods_LibraryTests.framework in Frameworks */,
			);
			runOnlyForDeploymentPostprocessing = 0;
		};
/* End PBXFrameworksBuildPhase section */

/* Begin PBXGroup section */
		2305B9BE7EB3DE4D37E67557 /* Pods */ = {
			isa = PBXGroup;
			children = (
				39862CB10A3987EAAC762759 /* Pods-Library.debug.xcconfig */,
				09A86066CF3FE6A265826FE3 /* Pods-Library.release.xcconfig */,
				100599CD56A51FCFA94E149D /* Pods-LibraryTests.debug.xcconfig */,
				2F6CE2152EF660673B2F030C /* Pods-LibraryTests.release.xcconfig */,
			);
			name = Pods;
			sourceTree = "<group>";
		};
		9A0434C8C7E4F5BD029A8334 /* Frameworks */ = {
			isa = PBXGroup;
			children = (
				B1708CE01D8BDD75953652B7 /* Pods_Library.framework */,
				5B6936158BF5A2C717EA36E9 /* Pods_LibraryTests.framework */,
			);
			name = Frameworks;
			sourceTree = "<group>";
		};
		C8DF3E8A1ED9413E00E878DB = {
			isa = PBXGroup;
			children = (
				C8DF3E961ED9413E00E878DB /* Library */,
				C8DF3EAE1ED9470800E878DB /* Sources */,
				C8DF3EA11ED9413E00E878DB /* LibraryTests */,
				C8DF3E951ED9413E00E878DB /* Products */,
				2305B9BE7EB3DE4D37E67557 /* Pods */,
				9A0434C8C7E4F5BD029A8334 /* Frameworks */,
			);
			sourceTree = "<group>";
		};
		C8DF3E951ED9413E00E878DB /* Products */ = {
			isa = PBXGroup;
			children = (
				C8DF3E941ED9413E00E878DB /* Library.framework */,
				C8DF3E9D1ED9413E00E878DB /* LibraryTests.xctest */,
			);
			name = Products;
			sourceTree = "<group>";
		};
		C8DF3E961ED9413E00E878DB /* Library */ = {
			isa = PBXGroup;
			children = (
				C8DF3E971ED9413E00E878DB /* Library.h */,
				C8DF3E981ED9413E00E878DB /* Info.plist */,
			);
			path = Library;
			sourceTree = "<group>";
		};
		C8DF3EA11ED9413E00E878DB /* LibraryTests */ = {
			isa = PBXGroup;
			children = (
				C8DF3ED71ED9486400E878DB /* Array+NonNulledTests.swift */,
				C8DF3ED81ED9486400E878DB /* DictionaryMergeTests.swift */,
				C8DF3ED91ED9486400E878DB /* Overvable+FilterNilTests.swift */,
				C8B957491EDE4EE100DBCF1B /* TestError.swift */,
				C8DF3EA41ED9413E00E878DB /* Info.plist */,
			);
			path = LibraryTests;
			sourceTree = "<group>";
		};
		C8DF3EAE1ED9470800E878DB /* Sources */ = {
			isa = PBXGroup;
			children = (
				C8DF3EAF1ED9470800E878DB /* Array+NonNulled.swift */,
				C8DF3EB01ED9470800E878DB /* ConcatenateOptionalStrings.swift */,
				C8DF3EB11ED9470800E878DB /* Delay.swift */,
				C8DF3EB21ED9470800E878DB /* Dictionary+Merge.swift */,
				C8DF3EB51ED9470800E878DB /* Observable+FilterNil.swift */,
				C8DF3EB61ED9470800E878DB /* Optional+Existence.swift */,
				C8DF3EB71ED9470800E878DB /* Optional+Then.swift */,
				C8DF3EB81ED9470800E878DB /* OptionalType.swift */,
				C8DF3EB91ED9470800E878DB /* Sequence+DoesNotContain.swift */,
				C8DF3EBA1ED9470800E878DB /* StringErrors.swift */,
				C8DF3EBB1ED9470800E878DB /* UIColor+Random.swift */,
				C8DF3EBC1ED9470800E878DB /* UIStackView+ArrangedSubviews.swift */,
				C8DF3EBD1ED9470800E878DB /* UIStackView+Configuration.swift */,
				C88933961EDE316400E71C74 /* UIStackView+ContainsArrangedSubview.swift */,
				C8B957451EDE4B0F00DBCF1B /* UIStackView+RxArrangedSubviews.swift */,
				C8B957471EDE4CF500DBCF1B /* UIStackView+RxArrangedSubviewsTests.swift */,
				C8DF3EBE1ED9470800E878DB /* UITextField+RxEditing.swift */,
				C8DF3EBF1ED9470800E878DB /* URLConvertible+Append.swift */,
				C8429B001EDAB1E300384268 /* String+isNotEmpty.swift */,
				C8710B881EDBF679005D74FF /* Observable+DoOnNBextOrError.swift */,
				C828424D1EDDE5E000E786A7 /* UIView+isvisible.swift */,
				C8CF56051EDE365800460E5F /* UIView+forceLayout.swift */,
				C86190E51EDDF47C007DD53E /* UITextInput+Clear.swift */,
			);
			path = Sources;
			sourceTree = "<group>";
		};
/* End PBXGroup section */

/* Begin PBXHeadersBuildPhase section */
		C8DF3E911ED9413E00E878DB /* Headers */ = {
			isa = PBXHeadersBuildPhase;
			buildActionMask = 2147483647;
			files = (
				C8DF3EA51ED9413E00E878DB /* Library.h in Headers */,
			);
			runOnlyForDeploymentPostprocessing = 0;
		};
/* End PBXHeadersBuildPhase section */

/* Begin PBXNativeTarget section */
		C8DF3E931ED9413E00E878DB /* Library */ = {
			isa = PBXNativeTarget;
			buildConfigurationList = C8DF3EA81ED9413E00E878DB /* Build configuration list for PBXNativeTarget "Library" */;
			buildPhases = (
				A611F4C9A665DF0703D54112 /* [CP] Check Pods Manifest.lock */,
				C8DF3E8F1ED9413E00E878DB /* Sources */,
				C8DF3E901ED9413E00E878DB /* Frameworks */,
				C8DF3E911ED9413E00E878DB /* Headers */,
				C8DF3E921ED9413E00E878DB /* Resources */,
				F230425E4D836F4A4C86562C /* [CP] Copy Pods Resources */,
			);
			buildRules = (
			);
			dependencies = (
			);
			name = Library;
			productName = Library;
			productReference = C8DF3E941ED9413E00E878DB /* Library.framework */;
			productType = "com.apple.product-type.framework";
		};
		C8DF3E9C1ED9413E00E878DB /* LibraryTests */ = {
			isa = PBXNativeTarget;
			buildConfigurationList = C8DF3EAB1ED9413E00E878DB /* Build configuration list for PBXNativeTarget "LibraryTests" */;
			buildPhases = (
				7B06B2805E5216FB2E268D25 /* [CP] Check Pods Manifest.lock */,
				C8DF3E991ED9413E00E878DB /* Sources */,
				C8DF3E9A1ED9413E00E878DB /* Frameworks */,
				C8DF3E9B1ED9413E00E878DB /* Resources */,
				00E8483ECB97101CCE318487 /* [CP] Embed Pods Frameworks */,
				A3320566150F6477FBB93474 /* [CP] Copy Pods Resources */,
			);
			buildRules = (
			);
			dependencies = (
				C8DF3EA01ED9413E00E878DB /* PBXTargetDependency */,
			);
			name = LibraryTests;
			productName = LibraryTests;
			productReference = C8DF3E9D1ED9413E00E878DB /* LibraryTests.xctest */;
			productType = "com.apple.product-type.bundle.unit-test";
		};
/* End PBXNativeTarget section */

/* Begin PBXProject section */
		C8DF3E8B1ED9413E00E878DB /* Project object */ = {
			isa = PBXProject;
			attributes = {
				LastSwiftUpdateCheck = 0830;
				LastUpgradeCheck = 0830;
				ORGANIZATIONNAME = "Amit Jain";
				TargetAttributes = {
					C8DF3E931ED9413E00E878DB = {
						CreatedOnToolsVersion = 8.3.2;
						DevelopmentTeam = 4L5QWS3UVB;
						ProvisioningStyle = Automatic;
					};
					C8DF3E9C1ED9413E00E878DB = {
						CreatedOnToolsVersion = 8.3.2;
						DevelopmentTeam = 4L5QWS3UVB;
						LastSwiftMigration = 0830;
						ProvisioningStyle = Automatic;
					};
				};
			};
			buildConfigurationList = C8DF3E8E1ED9413E00E878DB /* Build configuration list for PBXProject "Library" */;
			compatibilityVersion = "Xcode 3.2";
			developmentRegion = English;
			hasScannedForEncodings = 0;
			knownRegions = (
				en,
			);
			mainGroup = C8DF3E8A1ED9413E00E878DB;
			productRefGroup = C8DF3E951ED9413E00E878DB /* Products */;
			projectDirPath = "";
			projectRoot = "";
			targets = (
				C8DF3E931ED9413E00E878DB /* Library */,
				C8DF3E9C1ED9413E00E878DB /* LibraryTests */,
			);
		};
/* End PBXProject section */

/* Begin PBXResourcesBuildPhase section */
		C8DF3E921ED9413E00E878DB /* Resources */ = {
			isa = PBXResourcesBuildPhase;
			buildActionMask = 2147483647;
			files = (
			);
			runOnlyForDeploymentPostprocessing = 0;
		};
		C8DF3E9B1ED9413E00E878DB /* Resources */ = {
			isa = PBXResourcesBuildPhase;
			buildActionMask = 2147483647;
			files = (
			);
			runOnlyForDeploymentPostprocessing = 0;
		};
/* End PBXResourcesBuildPhase section */

/* Begin PBXShellScriptBuildPhase section */
		00E8483ECB97101CCE318487 /* [CP] Embed Pods Frameworks */ = {
			isa = PBXShellScriptBuildPhase;
			buildActionMask = 2147483647;
			files = (
			);
			inputPaths = (
			);
			name = "[CP] Embed Pods Frameworks";
			outputPaths = (
			);
			runOnlyForDeploymentPostprocessing = 0;
			shellPath = /bin/sh;
			shellScript = "\"${SRCROOT}/Pods/Target Support Files/Pods-LibraryTests/Pods-LibraryTests-frameworks.sh\"\n";
			showEnvVarsInLog = 0;
		};
		7B06B2805E5216FB2E268D25 /* [CP] Check Pods Manifest.lock */ = {
			isa = PBXShellScriptBuildPhase;
			buildActionMask = 2147483647;
			files = (
			);
			inputPaths = (
			);
			name = "[CP] Check Pods Manifest.lock";
			outputPaths = (
			);
			runOnlyForDeploymentPostprocessing = 0;
			shellPath = /bin/sh;
			shellScript = "diff \"${PODS_PODFILE_DIR_PATH}/Podfile.lock\" \"${PODS_ROOT}/Manifest.lock\" > /dev/null\nif [ $? != 0 ] ; then\n    # print error to STDERR\n    echo \"error: The sandbox is not in sync with the Podfile.lock. Run 'pod install' or update your CocoaPods installation.\" >&2\n    exit 1\nfi\n";
			showEnvVarsInLog = 0;
		};
		A3320566150F6477FBB93474 /* [CP] Copy Pods Resources */ = {
			isa = PBXShellScriptBuildPhase;
			buildActionMask = 2147483647;
			files = (
			);
			inputPaths = (
			);
			name = "[CP] Copy Pods Resources";
			outputPaths = (
			);
			runOnlyForDeploymentPostprocessing = 0;
			shellPath = /bin/sh;
			shellScript = "\"${SRCROOT}/Pods/Target Support Files/Pods-LibraryTests/Pods-LibraryTests-resources.sh\"\n";
			showEnvVarsInLog = 0;
		};
		A611F4C9A665DF0703D54112 /* [CP] Check Pods Manifest.lock */ = {
			isa = PBXShellScriptBuildPhase;
			buildActionMask = 2147483647;
			files = (
			);
			inputPaths = (
			);
			name = "[CP] Check Pods Manifest.lock";
			outputPaths = (
			);
			runOnlyForDeploymentPostprocessing = 0;
			shellPath = /bin/sh;
			shellScript = "diff \"${PODS_PODFILE_DIR_PATH}/Podfile.lock\" \"${PODS_ROOT}/Manifest.lock\" > /dev/null\nif [ $? != 0 ] ; then\n    # print error to STDERR\n    echo \"error: The sandbox is not in sync with the Podfile.lock. Run 'pod install' or update your CocoaPods installation.\" >&2\n    exit 1\nfi\n";
			showEnvVarsInLog = 0;
		};
		F230425E4D836F4A4C86562C /* [CP] Copy Pods Resources */ = {
			isa = PBXShellScriptBuildPhase;
			buildActionMask = 2147483647;
			files = (
			);
			inputPaths = (
			);
			name = "[CP] Copy Pods Resources";
			outputPaths = (
			);
			runOnlyForDeploymentPostprocessing = 0;
			shellPath = /bin/sh;
			shellScript = "\"${SRCROOT}/Pods/Target Support Files/Pods-Library/Pods-Library-resources.sh\"\n";
			showEnvVarsInLog = 0;
		};
/* End PBXShellScriptBuildPhase section */

/* Begin PBXSourcesBuildPhase section */
		C8DF3E8F1ED9413E00E878DB /* Sources */ = {
			isa = PBXSourcesBuildPhase;
			buildActionMask = 2147483647;
			files = (
				C8429B011EDAB1E300384268 /* String+isNotEmpty.swift in Sources */,
				C8CF56061EDE365800460E5F /* UIView+forceLayout.swift in Sources */,
				C8DF3EC21ED9470900E878DB /* Delay.swift in Sources */,
				C8DF3EC11ED9470900E878DB /* ConcatenateOptionalStrings.swift in Sources */,
				C8DF3EC31ED9470900E878DB /* Dictionary+Merge.swift in Sources */,
				C8DF3EC01ED9470900E878DB /* Array+NonNulled.swift in Sources */,
				C8DF3EC81ED9470900E878DB /* Optional+Then.swift in Sources */,
				C8DF3ECB1ED9470900E878DB /* StringErrors.swift in Sources */,
				C8DF3ECA1ED9470900E878DB /* Sequence+DoesNotContain.swift in Sources */,
				C8710B891EDBF679005D74FF /* Observable+DoOnNBextOrError.swift in Sources */,
				C8DF3ECD1ED9470900E878DB /* UIStackView+ArrangedSubviews.swift in Sources */,
				C8DF3ECF1ED9470900E878DB /* UITextField+RxEditing.swift in Sources */,
				C828424E1EDDE5E000E786A7 /* UIView+isvisible.swift in Sources */,
				C8B957461EDE4B0F00DBCF1B /* UIStackView+RxArrangedSubviews.swift in Sources */,
				C8DF3ED01ED9470900E878DB /* URLConvertible+Append.swift in Sources */,
				C8DF3EC91ED9470900E878DB /* OptionalType.swift in Sources */,
				C88933971EDE316400E71C74 /* UIStackView+ContainsArrangedSubview.swift in Sources */,
				C86190E61EDDF47C007DD53E /* UITextInput+Clear.swift in Sources */,
				C8DF3ECC1ED9470900E878DB /* UIColor+Random.swift in Sources */,
				C8DF3EC71ED9470900E878DB /* Optional+Existence.swift in Sources */,
				C8DF3ECE1ED9470900E878DB /* UIStackView+Configuration.swift in Sources */,
				C8DF3EC61ED9470900E878DB /* Observable+FilterNil.swift in Sources */,
			);
			runOnlyForDeploymentPostprocessing = 0;
		};
		C8DF3E991ED9413E00E878DB /* Sources */ = {
			isa = PBXSourcesBuildPhase;
			buildActionMask = 2147483647;
			files = (
				C8DF3EDB1ED9486400E878DB /* DictionaryMergeTests.swift in Sources */,
				C8B9574A1EDE4EE100DBCF1B /* TestError.swift in Sources */,
				C8DF3EDA1ED9486400E878DB /* Array+NonNulledTests.swift in Sources */,
				C8DF3EDC1ED9486400E878DB /* Overvable+FilterNilTests.swift in Sources */,
				C8B957481EDE4CF500DBCF1B /* UIStackView+RxArrangedSubviewsTests.swift in Sources */,
			);
			runOnlyForDeploymentPostprocessing = 0;
		};
/* End PBXSourcesBuildPhase section */

/* Begin PBXTargetDependency section */
		C8DF3EA01ED9413E00E878DB /* PBXTargetDependency */ = {
			isa = PBXTargetDependency;
			target = C8DF3E931ED9413E00E878DB /* Library */;
			targetProxy = C8DF3E9F1ED9413E00E878DB /* PBXContainerItemProxy */;
		};
/* End PBXTargetDependency section */

/* Begin XCBuildConfiguration section */
		C8DF3EA61ED9413E00E878DB /* Debug */ = {
			isa = XCBuildConfiguration;
			buildSettings = {
				ALWAYS_SEARCH_USER_PATHS = NO;
				CLANG_ANALYZER_NONNULL = YES;
				CLANG_ANALYZER_NUMBER_OBJECT_CONVERSION = YES_AGGRESSIVE;
				CLANG_CXX_LANGUAGE_STANDARD = "gnu++0x";
				CLANG_CXX_LIBRARY = "libc++";
				CLANG_ENABLE_MODULES = YES;
				CLANG_ENABLE_OBJC_ARC = YES;
				CLANG_WARN_BOOL_CONVERSION = YES;
				CLANG_WARN_CONSTANT_CONVERSION = YES;
				CLANG_WARN_DIRECT_OBJC_ISA_USAGE = YES_ERROR;
				CLANG_WARN_DOCUMENTATION_COMMENTS = YES;
				CLANG_WARN_EMPTY_BODY = YES;
				CLANG_WARN_ENUM_CONVERSION = YES;
				CLANG_WARN_INFINITE_RECURSION = YES;
				CLANG_WARN_INT_CONVERSION = YES;
				CLANG_WARN_OBJC_ROOT_CLASS = YES_ERROR;
				CLANG_WARN_SUSPICIOUS_MOVE = YES;
				CLANG_WARN_UNREACHABLE_CODE = YES;
				CLANG_WARN__DUPLICATE_METHOD_MATCH = YES;
				"CODE_SIGN_IDENTITY[sdk=iphoneos*]" = "iPhone Developer";
				COPY_PHASE_STRIP = NO;
				CURRENT_PROJECT_VERSION = 1;
				DEBUG_INFORMATION_FORMAT = dwarf;
				ENABLE_STRICT_OBJC_MSGSEND = YES;
				ENABLE_TESTABILITY = YES;
				GCC_C_LANGUAGE_STANDARD = gnu99;
				GCC_DYNAMIC_NO_PIC = NO;
				GCC_NO_COMMON_BLOCKS = YES;
				GCC_OPTIMIZATION_LEVEL = 0;
				GCC_PREPROCESSOR_DEFINITIONS = (
					"DEBUG=1",
					"$(inherited)",
				);
				GCC_WARN_64_TO_32_BIT_CONVERSION = YES;
				GCC_WARN_ABOUT_RETURN_TYPE = YES_ERROR;
				GCC_WARN_UNDECLARED_SELECTOR = YES;
				GCC_WARN_UNINITIALIZED_AUTOS = YES_AGGRESSIVE;
				GCC_WARN_UNUSED_FUNCTION = YES;
				GCC_WARN_UNUSED_VARIABLE = YES;
				IPHONEOS_DEPLOYMENT_TARGET = 10.3;
				MTL_ENABLE_DEBUG_INFO = YES;
				ONLY_ACTIVE_ARCH = YES;
				SDKROOT = iphoneos;
				SWIFT_ACTIVE_COMPILATION_CONDITIONS = DEBUG;
				SWIFT_OPTIMIZATION_LEVEL = "-Onone";
				TARGETED_DEVICE_FAMILY = "1,2";
				VERSIONING_SYSTEM = "apple-generic";
				VERSION_INFO_PREFIX = "";
			};
			name = Debug;
		};
		C8DF3EA71ED9413E00E878DB /* Release */ = {
			isa = XCBuildConfiguration;
			buildSettings = {
				ALWAYS_SEARCH_USER_PATHS = NO;
				CLANG_ANALYZER_NONNULL = YES;
				CLANG_ANALYZER_NUMBER_OBJECT_CONVERSION = YES_AGGRESSIVE;
				CLANG_CXX_LANGUAGE_STANDARD = "gnu++0x";
				CLANG_CXX_LIBRARY = "libc++";
				CLANG_ENABLE_MODULES = YES;
				CLANG_ENABLE_OBJC_ARC = YES;
				CLANG_WARN_BOOL_CONVERSION = YES;
				CLANG_WARN_CONSTANT_CONVERSION = YES;
				CLANG_WARN_DIRECT_OBJC_ISA_USAGE = YES_ERROR;
				CLANG_WARN_DOCUMENTATION_COMMENTS = YES;
				CLANG_WARN_EMPTY_BODY = YES;
				CLANG_WARN_ENUM_CONVERSION = YES;
				CLANG_WARN_INFINITE_RECURSION = YES;
				CLANG_WARN_INT_CONVERSION = YES;
				CLANG_WARN_OBJC_ROOT_CLASS = YES_ERROR;
				CLANG_WARN_SUSPICIOUS_MOVE = YES;
				CLANG_WARN_UNREACHABLE_CODE = YES;
				CLANG_WARN__DUPLICATE_METHOD_MATCH = YES;
				"CODE_SIGN_IDENTITY[sdk=iphoneos*]" = "iPhone Developer";
				COPY_PHASE_STRIP = NO;
				CURRENT_PROJECT_VERSION = 1;
				DEBUG_INFORMATION_FORMAT = "dwarf-with-dsym";
				ENABLE_NS_ASSERTIONS = NO;
				ENABLE_STRICT_OBJC_MSGSEND = YES;
				GCC_C_LANGUAGE_STANDARD = gnu99;
				GCC_NO_COMMON_BLOCKS = YES;
				GCC_WARN_64_TO_32_BIT_CONVERSION = YES;
				GCC_WARN_ABOUT_RETURN_TYPE = YES_ERROR;
				GCC_WARN_UNDECLARED_SELECTOR = YES;
				GCC_WARN_UNINITIALIZED_AUTOS = YES_AGGRESSIVE;
				GCC_WARN_UNUSED_FUNCTION = YES;
				GCC_WARN_UNUSED_VARIABLE = YES;
				IPHONEOS_DEPLOYMENT_TARGET = 10.3;
				MTL_ENABLE_DEBUG_INFO = NO;
				SDKROOT = iphoneos;
				SWIFT_OPTIMIZATION_LEVEL = "-Owholemodule";
				TARGETED_DEVICE_FAMILY = "1,2";
				VALIDATE_PRODUCT = YES;
				VERSIONING_SYSTEM = "apple-generic";
				VERSION_INFO_PREFIX = "";
			};
			name = Release;
		};
		C8DF3EA91ED9413E00E878DB /* Debug */ = {
			isa = XCBuildConfiguration;
			baseConfigurationReference = 39862CB10A3987EAAC762759 /* Pods-Library.debug.xcconfig */;
			buildSettings = {
				CODE_SIGN_IDENTITY = "";
				DEFINES_MODULE = YES;
				DEVELOPMENT_TEAM = 4L5QWS3UVB;
				DYLIB_COMPATIBILITY_VERSION = 1;
				DYLIB_CURRENT_VERSION = 1;
				DYLIB_INSTALL_NAME_BASE = "@rpath";
				INFOPLIST_FILE = Library/Info.plist;
				INSTALL_PATH = "$(LOCAL_LIBRARY_DIR)/Frameworks";
				LD_RUNPATH_SEARCH_PATHS = "$(inherited) @executable_path/Frameworks @loader_path/Frameworks";
				PRODUCT_BUNDLE_IDENTIFIER = me.amitjain.Library;
				PRODUCT_NAME = "$(TARGET_NAME)";
				SKIP_INSTALL = YES;
				SWIFT_VERSION = 3.0;
			};
			name = Debug;
		};
		C8DF3EAA1ED9413E00E878DB /* Release */ = {
			isa = XCBuildConfiguration;
			baseConfigurationReference = 09A86066CF3FE6A265826FE3 /* Pods-Library.release.xcconfig */;
			buildSettings = {
				CODE_SIGN_IDENTITY = "";
				DEFINES_MODULE = YES;
				DEVELOPMENT_TEAM = 4L5QWS3UVB;
				DYLIB_COMPATIBILITY_VERSION = 1;
				DYLIB_CURRENT_VERSION = 1;
				DYLIB_INSTALL_NAME_BASE = "@rpath";
				INFOPLIST_FILE = Library/Info.plist;
				INSTALL_PATH = "$(LOCAL_LIBRARY_DIR)/Frameworks";
				LD_RUNPATH_SEARCH_PATHS = "$(inherited) @executable_path/Frameworks @loader_path/Frameworks";
				PRODUCT_BUNDLE_IDENTIFIER = me.amitjain.Library;
				PRODUCT_NAME = "$(TARGET_NAME)";
				SKIP_INSTALL = YES;
				SWIFT_VERSION = 3.0;
			};
			name = Release;
		};
		C8DF3EAC1ED9413E00E878DB /* Debug */ = {
			isa = XCBuildConfiguration;
			baseConfigurationReference = 100599CD56A51FCFA94E149D /* Pods-LibraryTests.debug.xcconfig */;
			buildSettings = {
				ALWAYS_EMBED_SWIFT_STANDARD_LIBRARIES = YES;
				CLANG_ENABLE_MODULES = YES;
				DEVELOPMENT_TEAM = 4L5QWS3UVB;
				INFOPLIST_FILE = LibraryTests/Info.plist;
				LD_RUNPATH_SEARCH_PATHS = "$(inherited) @executable_path/Frameworks @loader_path/Frameworks";
				PRODUCT_BUNDLE_IDENTIFIER = me.amitjain.LibraryTests;
				PRODUCT_NAME = "$(TARGET_NAME)";
				SWIFT_OPTIMIZATION_LEVEL = "-Onone";
				SWIFT_VERSION = 3.0;
			};
			name = Debug;
		};
		C8DF3EAD1ED9413E00E878DB /* Release */ = {
			isa = XCBuildConfiguration;
			baseConfigurationReference = 2F6CE2152EF660673B2F030C /* Pods-LibraryTests.release.xcconfig */;
			buildSettings = {
				ALWAYS_EMBED_SWIFT_STANDARD_LIBRARIES = YES;
				CLANG_ENABLE_MODULES = YES;
				DEVELOPMENT_TEAM = 4L5QWS3UVB;
				INFOPLIST_FILE = LibraryTests/Info.plist;
				LD_RUNPATH_SEARCH_PATHS = "$(inherited) @executable_path/Frameworks @loader_path/Frameworks";
				PRODUCT_BUNDLE_IDENTIFIER = me.amitjain.LibraryTests;
				PRODUCT_NAME = "$(TARGET_NAME)";
				SWIFT_VERSION = 3.0;
			};
			name = Release;
		};
/* End XCBuildConfiguration section */

/* Begin XCConfigurationList section */
		C8DF3E8E1ED9413E00E878DB /* Build configuration list for PBXProject "Library" */ = {
			isa = XCConfigurationList;
			buildConfigurations = (
				C8DF3EA61ED9413E00E878DB /* Debug */,
				C8DF3EA71ED9413E00E878DB /* Release */,
			);
			defaultConfigurationIsVisible = 0;
			defaultConfigurationName = Release;
		};
		C8DF3EA81ED9413E00E878DB /* Build configuration list for PBXNativeTarget "Library" */ = {
			isa = XCConfigurationList;
			buildConfigurations = (
				C8DF3EA91ED9413E00E878DB /* Debug */,
				C8DF3EAA1ED9413E00E878DB /* Release */,
			);
			defaultConfigurationIsVisible = 0;
			defaultConfigurationName = Release;
		};
		C8DF3EAB1ED9413E00E878DB /* Build configuration list for PBXNativeTarget "LibraryTests" */ = {
			isa = XCConfigurationList;
			buildConfigurations = (
				C8DF3EAC1ED9413E00E878DB /* Debug */,
				C8DF3EAD1ED9413E00E878DB /* Release */,
			);
			defaultConfigurationIsVisible = 0;
			defaultConfigurationName = Release;
		};
/* End XCConfigurationList section */
	};
	rootObject = C8DF3E8B1ED9413E00E878DB /* Project object */;
}
